
Microsoft Visual Studio Solution File, Format Version 12.00
# Visual Studio Version 17
VisualStudioVersion = 17.9.34622.214
MinimumVisualStudioVersion = 10.0.40219.1
Project("{FAE04EC0-301F-11D3-BF4B-00C04F79EFBC}") = "ControlStock", "ControlStock.csproj", "{889BBBD9-F3E9-4C78-9C33-0FBF388D080E}"
EndProject
Global
	GlobalSection(SolutionConfigurationPlatforms) = preSolution
		Debug|Any CPU = Debug|Any CPU
		Release|Any CPU = Release|Any CPU
	EndGlobalSection
	GlobalSection(ProjectConfigurationPlatforms) = postSolution
		{889BBBD9-F3E9-4C78-9C33-0FBF388D080E}.Debug|Any CPU.ActiveCfg = Debug|Any CPU
		{889BBBD9-F3E9-4C78-9C33-0FBF388D080E}.Debug|Any CPU.Build.0 = Debug|Any CPU
		{889BBBD9-F3E9-4C78-9C33-0FBF388D080E}.Release|Any CPU.ActiveCfg = Release|Any CPU
		{889BBBD9-F3E9-4C78-9C33-0FBF388D080E}.Release|Any CPU.Build.0 = Release|Any CPU
	EndGlobalSection
	GlobalSection(SolutionProperties) = preSolution
		HideSolutionNode = FALSE
	EndGlobalSection
	GlobalSection(ExtensibilityGlobals) = postSolution
		SolutionGuid = {1AFF3BFF-74B1-4494-B8E8-31CC247DBA64}
	EndGlobalSection
EndGlobal
